Microsoft Visual Studio Solution File, Format Version 12.00
# Visual Studio Version 17
VisualStudioVersion = 17.5.2.0
MinimumVisualStudioVersion = 10.0.40219.1
Project("{FAE04EC0-301F-11D3-BF4B-00C04F79EFBC}") = "HotelRatingViewer", "HotelRatingViewer.csproj", "{7C8E85CA-BF0F-B117-018B-930F861596A7}"
EndProject
Global
	GlobalSection(SolutionConfigurationPlatforms) = preSolution
		Debug|Any CPU = Debug|Any CPU
		Release|Any CPU = Release|Any CPU
	EndGlobalSection
	GlobalSection(ProjectConfigurationPlatforms) = postSolution
		{7C8E85CA-BF0F-B117-018B-930F861596A7}.Debug|Any CPU.ActiveCfg = Debug|Any CPU
		{7C8E85CA-BF0F-B117-018B-930F861596A7}.Debug|Any CPU.Build.0 = Debug|Any CPU
		{7C8E85CA-BF0F-B117-018B-930F861596A7}.Release|Any CPU.ActiveCfg = Release|Any CPU
		{7C8E85CA-BF0F-B117-018B-930F861596A7}.Release|Any CPU.Build.0 = Release|Any CPU
	EndGlobalSection
	GlobalSection(SolutionProperties) = preSolution
		HideSolutionNode = FALSE
	EndGlobalSection
	GlobalSection(ExtensibilityGlobals) = postSolution
		SolutionGuid = {166F45CE-34E6-41A3-87AA-857C7577CACF}
	EndGlobalSection
EndGlobal
